{
  "name": "LKGTrackingMirror",
  "lockfileVersion": 2,
  "requires": true,
  "packages": {
    "": {
      "dependencies": {
        "@mediapipe/camera_utils": "^0.3.1620247984",
        "@mediapipe/face_mesh": "^0.3.1620248508",
        "three": "^0.127.0"
      }
    },
    "node_modules/@mediapipe/camera_utils": {
      "version": "0.3.1620247984",
      "resolved": "https://registry.npmjs.org/@mediapipe/camera_utils/-/camera_utils-0.3.1620247984.tgz",
      "integrity": "sha512-CQEppbvSfgF5BaiA917+x/xHn8ttietc4+co/7RF98AqgjByGQHKLslog1eE7WekgBXYT/qc4z9F1HrOIfy3yQ=="
    },
    "node_modules/@mediapipe/face_mesh": {
      "version": "0.3.1620248508",
      "resolved": "https://registry.npmjs.org/@mediapipe/face_mesh/-/face_mesh-0.3.1620248508.tgz",
      "integrity": "sha512-1J+dXqthORQUOWs9xMt7OVgoNrigT5EtFeqy9F0rlL+uHCkENrdH/LJEWtnOMEqyrq4XAB7Pn3VwLzDv0ZqaQg=="
    },
    "node_modules/three": {
      "version": "0.127.0",
      "resolved": "https://registry.npmjs.org/three/-/three-0.127.0.tgz",
      "integrity": "sha512-wtgrn+mhYUbobxT7QN3GPdu3SRpSBQvwY6uOzLChWS7QE//f7paDU/+wlzbg+ngeIvBBqjBHSRuywTh8A99Jng=="
    }
  },
  "dependencies": {
    "@mediapipe/camera_utils": {
      "version": "0.3.1620247984",
      "resolved": "https://registry.npmjs.org/@mediapipe/camera_utils/-/camera_utils-0.3.1620247984.tgz",
      "integrity": "sha512-CQEppbvSfgF5BaiA917+x/xHn8ttietc4+co/7RF98AqgjByGQHKLslog1eE7WekgBXYT/qc4z9F1HrOIfy3yQ=="
    },
    "@mediapipe/face_mesh": {
      "version": "0.3.1620248508",
      "resolved": "https://registry.npmjs.org/@mediapipe/face_mesh/-/face_mesh-0.3.1620248508.tgz",
      "integrity": "sha512-1J+dXqthORQUOWs9xMt7OVgoNrigT5EtFeqy9F0rlL+uHCkENrdH/LJEWtnOMEqyrq4XAB7Pn3VwLzDv0ZqaQg=="
    },
    "three": {
      "version": "0.127.0",
      "resolved": "https://registry.npmjs.org/three/-/three-0.127.0.tgz",
      "integrity": "sha512-wtgrn+mhYUbobxT7QN3GPdu3SRpSBQvwY6uOzLChWS7QE//f7paDU/+wlzbg+ngeIvBBqjBHSRuywTh8A99Jng=="
    }
  }
}
